// !$*UTF8*$!
{
	archiveVersion = 1;
	classes = {
	};
	objectVersion = 46;
	objects = {

/* Begin PBXBuildFile section */
		40E02A2D1EBFD323000F560E /* AppDelegate.swift in Sources */ = {isa = PBXBuildFile; fileRef = 40E02A2C1EBFD323000F560E /* AppDelegate.swift */; };
		40E02A2F1EBFD323000F560E /* ViewController.swift in Sources */ = {isa = PBXBuildFile; fileRef = 40E02A2E1EBFD323000F560E /* ViewController.swift */; };
		40E02A321EBFD323000F560E /* Main.storyboard in Resources */ = {isa = PBXBuildFile; fileRef = 40E02A301EBFD323000F560E /* Main.storyboard */; };
		40E02A341EBFD323000F560E /* Assets.xcassets in Resources */ = {isa = PBXBuildFile; fileRef = 40E02A331EBFD323000F560E /* Assets.xcassets */; };
		40E02A371EBFD323000F560E /* LaunchScreen.storyboard in Resources */ = {isa = PBXBuildFile; fileRef = 40E02A351EBFD323000F560E /* LaunchScreen.storyboard */; };
		40E02A3F1EC02CE3000F560E /* utils.swift in Sources */ = {isa = PBXBuildFile; fileRef = 40E02A3E1EC02CE3000F560E /* utils.swift */; };
/* End PBXBuildFile section */

/* Begin PBXFileReference section */
		40E02A291EBFD323000F560E /* Assignment 1C.app */ = {isa = PBXFileReference; explicitFileType = wrapper.application; includeInIndex = 0; path = "Assignment 1C.app"; sourceTree = BUILT_PRODUCTS_DIR; };
		40E02A2C1EBFD323000F560E /* AppDelegate.swift */ = {isa = PBXFileReference; lastKnownFileType = sourcecode.swift; path = AppDelegate.swift; sourceTree = "<group>"; };
		40E02A2E1EBFD323000F560E /* ViewController.swift */ = {isa = PBXFileReference; lastKnownFileType = sourcecode.swift; path = ViewController.swift; sourceTree = "<group>"; };
		40E02A311EBFD323000F560E /* Base */ = {isa = PBXFileReference; lastKnownFileType = file.storyboard; name = Base; path = Base.lproj/Main.storyboard; sourceTree = "<group>"; };
		40E02A331EBFD323000F560E /* Assets.xcassets */ = {isa = PBXFileReference; lastKnownFileType = folder.assetcatalog; path = Assets.xcassets; sourceTree = "<group>"; };
		40E02A361EBFD323000F560E /* Base */ = {isa = PBXFileReference; lastKnownFileType = file.storyboard; name = Base; path = Base.lproj/LaunchScreen.storyboard; sourceTree = "<group>"; };
		40E02A381EBFD323000F560E /* Info.plist */ = {isa = PBXFileReference; lastKnownFileType = text.plist.xml; path = Info.plist; sourceTree = "<group>"; };
		40E02A3E1EC02CE3000F560E /* utils.swift */ = {isa = PBXFileReference; fileEncoding = 4; lastKnownFileType = sourcecode.swift; path = utils.swift; sourceTree = "<group>"; };
/* End PBXFileReference section */

/* Begin PBXFrameworksBuildPhase section */
		40E02A261EBFD323000F560E /* Frameworks */ = {
			isa = PBXFrameworksBuildPhase;
			buildActionMask = 2147483647;
			files = (
			);
			runOnlyForDeploymentPostprocessing = 0;
		};
/* End PBXFrameworksBuildPhase section */

/* Begin PBXGroup section */
		40E02A201EBFD323000F560E = {
			isa = PBXGroup;
			children = (
				40E02A2B1EBFD323000F560E /* Assignment 1C */,
				40E02A2A1EBFD323000F560E /* Products */,
			);
			sourceTree = "<group>";
		};
		40E02A2A1EBFD323000F560E /* Products */ = {
			isa = PBXGroup;
			children = (
				40E02A291EBFD323000F560E /* Assignment 1C.app */,
			);
			name = Products;
			sourceTree = "<group>";
		};
		40E02A2B1EBFD323000F560E /* Assignment 1C */ = {
			isa = PBXGroup;
			children = (
				40E02A2C1EBFD323000F560E /* AppDelegate.swift */,
				40E02A2E1EBFD323000F560E /* ViewController.swift */,
				40E02A301EBFD323000F560E /* Main.storyboard */,
				40E02A3E1EC02CE3000F560E /* utils.swift */,
				40E02A331EBFD323000F560E /* Assets.xcassets */,
				40E02A351EBFD323000F560E /* LaunchScreen.storyboard */,
				40E02A381EBFD323000F560E /* Info.plist */,
			);
			path = "Assignment 1C";
			sourceTree = "<group>";
		};
/* End PBXGroup section */

/* Begin PBXNativeTarget section */
		40E02A281EBFD323000F560E /* Assignment 1C */ = {
			isa = PBXNativeTarget;
			buildConfigurationList = 40E02A3B1EBFD323000F560E /* Build configuration list for PBXNativeTarget "Assignment 1C" */;
			buildPhases = (
				40E02A251EBFD323000F560E /* Sources */,
				40E02A261EBFD323000F560E /* Frameworks */,
				40E02A271EBFD323000F560E /* Resources */,
			);
			buildRules = (
			);
			dependencies = (
			);
			name = "Assignment 1C";
			productName = "Assignment 1C";
			productReference = 40E02A291EBFD323000F560E /* Assignment 1C.app */;
			productType = "com.apple.product-type.application";
		};
/* End PBXNativeTarget section */

/* Begin PBXProject section */
		40E02A211EBFD323000F560E /* Project object */ = {
			isa = PBXProject;
			attributes = {
				LastSwiftUpdateCheck = 0820;
				LastUpgradeCheck = 0820;
				ORGANIZATIONNAME = DeAnza;
				TargetAttributes = {
					40E02A281EBFD323000F560E = {
						CreatedOnToolsVersion = 8.2.1;
						ProvisioningStyle = Automatic;
					};
				};
			};
			buildConfigurationList = 40E02A241EBFD323000F560E /* Build configuration list for PBXProject "Assignment 1C" */;
			compatibilityVersion = "Xcode 3.2";
			developmentRegion = English;
			hasScannedForEncodings = 0;
			knownRegions = (
				en,
				Base,
			);
			mainGroup = 40E02A201EBFD323000F560E;
			productRefGroup = 40E02A2A1EBFD323000F560E /* Products */;
			projectDirPath = "";
			projectRoot = "";
			targets = (
				40E02A281EBFD323000F560E /* Assignment 1C */,
			);
		};
/* End PBXProject section */

/* Begin PBXResourcesBuildPhase section */
		40E02A271EBFD323000F560E /* Resources */ = {
			isa = PBXResourcesBuildPhase;
			buildActionMask = 2147483647;
			files = (
				40E02A371EBFD323000F560E /* LaunchScreen.storyboard in Resources */,
				40E02A341EBFD323000F560E /* Assets.xcassets in Resources */,
				40E02A321EBFD323000F560E /* Main.storyboard in Resources */,
			);
			runOnlyForDeploymentPostprocessing = 0;
		};
/* End PBXResourcesBuildPhase section */

/* Begin PBXSourcesBuildPhase section */
		40E02A251EBFD323000F560E /* Sources */ = {
			isa = PBXSourcesBuildPhase;
			buildActionMask = 2147483647;
			files = (
				40E02A3F1EC02CE3000F560E /* utils.swift in Sources */,
				40E02A2F1EBFD323000F560E /* ViewController.swift in Sources */,
				40E02A2D1EBFD323000F560E /* AppDelegate.swift in Sources */,
			);
			runOnlyForDeploymentPostprocessing = 0;
		};
/* End PBXSourcesBuildPhase section */

/* Begin PBXVariantGroup section */
		40E02A301EBFD323000F560E /* Main.storyboard */ = {
			isa = PBXVariantGroup;
			children = (
				40E02A311EBFD323000F560E /* Base */,
			);
			name = Main.storyboard;
			sourceTree = "<group>";
		};
		40E02A351EBFD323000F560E /* LaunchScreen.storyboard */ = {
			isa = PBXVariantGroup;
			children = (
				40E02A361EBFD323000F560E /* Base */,
			);
			name = LaunchScreen.storyboard;
			sourceTree = "<group>";
		};
/* End PBXVariantGroup section */

/* Begin XCBuildConfiguration section */
		40E02A391EBFD323000F560E /* Debug */ = {
			isa = XCBuildConfiguration;
			buildSettings = {
				ALWAYS_SEARCH_USER_PATHS = NO;
				CLANG_ANALYZER_NONNULL = YES;
				CLANG_CXX_LANGUAGE_STANDARD = "gnu++0x";
				CLANG_CXX_LIBRARY = "libc++";
				CLANG_ENABLE_MODULES = YES;
				CLANG_ENABLE_OBJC_ARC = YES;
				CLANG_WARN_BOOL_CONVERSION = YES;
				CLANG_WARN_CONSTANT_CONVERSION = YES;
				CLANG_WARN_DIRECT_OBJC_ISA_USAGE = YES_ERROR;
				CLANG_WARN_DOCUMENTATION_COMMENTS = YES;
				CLANG_WARN_EMPTY_BODY = YES;
				CLANG_WARN_ENUM_CONVERSION = YES;
				CLANG_WARN_INFINITE_RECURSION = YES;
				CLANG_WARN_INT_CONVERSION = YES;
				CLANG_WARN_OBJC_ROOT_CLASS = YES_ERROR;
				CLANG_WARN_SUSPICIOUS_MOVE = YES;
				CLANG_WARN_UNREACHABLE_CODE = YES;
				CLANG_WARN__DUPLICATE_METHOD_MATCH = YES;
				"CODE_SIGN_IDENTITY[sdk=iphoneos*]" = "iPhone Developer";
				COPY_PHASE_STRIP = NO;
				DEBUG_INFORMATION_FORMAT = dwarf;
				ENABLE_STRICT_OBJC_MSGSEND = YES;
				ENABLE_TESTABILITY = YES;
				GCC_C_LANGUAGE_STANDARD = gnu99;
				GCC_DYNAMIC_NO_PIC = NO;
				GCC_NO_COMMON_BLOCKS = YES;
				GCC_OPTIMIZATION_LEVEL = 0;
				GCC_PREPROCESSOR_DEFINITIONS = (
					"DEBUG=1",
					"$(inherited)",
				);
				GCC_WARN_64_TO_32_BIT_CONVERSION = YES;
				GCC_WARN_ABOUT_RETURN_TYPE = YES_ERROR;
				GCC_WARN_UNDECLARED_SELECTOR = YES;
				GCC_WARN_UNINITIALIZED_AUTOS = YES_AGGRESSIVE;
				GCC_WARN_UNUSED_FUNCTION = YES;
				GCC_WARN_UNUSED_VARIABLE = YES;
				IPHONEOS_DEPLOYMENT_TARGET = 10.2;
				MTL_ENABLE_DEBUG_INFO = YES;
				ONLY_ACTIVE_ARCH = YES;
				SDKROOT = iphoneos;
				SWIFT_ACTIVE_COMPILATION_CONDITIONS = DEBUG;
				SWIFT_OPTIMIZATION_LEVEL = "-Onone";
			};
			name = Debug;
		};
		40E02A3A1EBFD323000F560E /* Release */ = {
			isa = XCBuildConfiguration;
			buildSettings = {
				ALWAYS_SEARCH_USER_PATHS = NO;
				CLANG_ANALYZER_NONNULL = YES;
				CLANG_CXX_LANGUAGE_STANDARD = "gnu++0x";
				CLANG_CXX_LIBRARY = "libc++";
				CLANG_ENABLE_MODULES = YES;
				CLANG_ENABLE_OBJC_ARC = YES;
				CLANG_WARN_BOOL_CONVERSION = YES;
				CLANG_WARN_CONSTANT_CONVERSION = YES;
				CLANG_WARN_DIRECT_OBJC_ISA_USAGE = YES_ERROR;
				CLANG_WARN_DOCUMENTATION_COMMENTS = YES;
				CLANG_WARN_EMPTY_BODY = YES;
				CLANG_WARN_ENUM_CONVERSION = YES;
				CLANG_WARN_INFINITE_RECURSION = YES;
				CLANG_WARN_INT_CONVERSION = YES;
				CLANG_WARN_OBJC_ROOT_CLASS = YES_ERROR;
				CLANG_WARN_SUSPICIOUS_MOVE = YES;
				CLANG_WARN_UNREACHABLE_CODE = YES;
				CLANG_WARN__DUPLICATE_METHOD_MATCH = YES;
				"CODE_SIGN_IDENTITY[sdk=iphoneos*]" = "iPhone Developer";
				COPY_PHASE_STRIP = NO;
				DEBUG_INFORMATION_FORMAT = "dwarf-with-dsym";
				ENABLE_NS_ASSERTIONS = NO;
				ENABLE_STRICT_OBJC_MSGSEND = YES;
				GCC_C_LANGUAGE_STANDARD = gnu99;
				GCC_NO_COMMON_BLOCKS = YES;
				GCC_WARN_64_TO_32_BIT_CONVERSION = YES;
				GCC_WARN_ABOUT_RETURN_TYPE = YES_ERROR;
				GCC_WARN_UNDECLARED_SELECTOR = YES;
				GCC_WARN_UNINITIALIZED_AUTOS = YES_AGGRESSIVE;
				GCC_WARN_UNUSED_FUNCTION = YES;
				GCC_WARN_UNUSED_VARIABLE = YES;
				IPHONEOS_DEPLOYMENT_TARGET = 10.2;
				MTL_ENABLE_DEBUG_INFO = NO;
				SDKROOT = iphoneos;
				SWIFT_OPTIMIZATION_LEVEL = "-Owholemodule";
				VALIDATE_PRODUCT = YES;
			};
			name = Release;
		};
		40E02A3C1EBFD323000F560E /* Debug */ = {
			isa = XCBuildConfiguration;
			buildSettings = {
				ASSETCATALOG_COMPILER_APPICON_NAME = AppIcon;
				INFOPLIST_FILE = "Assignment 1C/Info.plist";
				LD_RUNPATH_SEARCH_PATHS = "$(inherited) @executable_path/Frameworks";
				PRODUCT_BUNDLE_IDENTIFIER = "edu.deanza.mgoel.Assignment-1C";
				PRODUCT_NAME = "$(TARGET_NAME)";
				SWIFT_VERSION = 3.0;
			};
			name = Debug;
		};
		40E02A3D1EBFD323000F560E /* Release */ = {
			isa = XCBuildConfiguration;
			buildSettings = {
				ASSETCATALOG_COMPILER_APPICON_NAME = AppIcon;
				INFOPLIST_FILE = "Assignment 1C/Info.plist";
				LD_RUNPATH_SEARCH_PATHS = "$(inherited) @executable_path/Frameworks";
				PRODUCT_BUNDLE_IDENTIFIER = "edu.deanza.mgoel.Assignment-1C";
				PRODUCT_NAME = "$(TARGET_NAME)";
				SWIFT_VERSION = 3.0;
			};
			name = Release;
		};
/* End XCBuildConfiguration section */

/* Begin XCConfigurationList section */
		40E02A241EBFD323000F560E /* Build configuration list for PBXProject "Assignment 1C" */ = {
			isa = XCConfigurationList;
			buildConfigurations = (
				40E02A391EBFD323000F560E /* Debug */,
				40E02A3A1EBFD323000F560E /* Release */,
			);
			defaultConfigurationIsVisible = 0;
			defaultConfigurationName = Release;
		};
		40E02A3B1EBFD323000F560E /* Build configuration list for PBXNativeTarget "Assignment 1C" */ = {
			isa = XCConfigurationList;
			buildConfigurations = (
				40E02A3C1EBFD323000F560E /* Debug */,
				40E02A3D1EBFD323000F560E /* Release */,
			);
			defaultConfigurationIsVisible = 0;
		};
/* End XCConfigurationList section */
	};
	rootObject = 40E02A211EBFD323000F560E /* Project object */;
}
